// !$*UTF8*$!
{
	archiveVersion = 1;
	classes = {
	};
	objectVersion = 55;
	objects = {

/* Begin PBXBuildFile section */
		D204A4B72D720AFB00010620 /* AppDelegate.swift in Sources */ = {isa = PBXBuildFile; fileRef = D204A4B62D720AFB00010620 /* AppDelegate.swift */; };
		D204A4B92D720AFB00010620 /* SceneDelegate.swift in Sources */ = {isa = PBXBuildFile; fileRef = D204A4B82D720AFB00010620 /* SceneDelegate.swift */; };
		D204A4BB2D720AFB00010620 /* ImagesListViewController.swift in Sources */ = {isa = PBXBuildFile; fileRef = D204A4BA2D720AFB00010620 /* ImagesListViewController.swift */; };
		D204A4BE2D720AFB00010620 /* Main.storyboard in Resources */ = {isa = PBXBuildFile; fileRef = D204A4BC2D720AFB00010620 /* Main.storyboard */; };
		D204A4C02D720AFD00010620 /* Assets.xcassets in Resources */ = {isa = PBXBuildFile; fileRef = D204A4BF2D720AFD00010620 /* Assets.xcassets */; };
		D204A4C32D720AFD00010620 /* LaunchScreen.storyboard in Resources */ = {isa = PBXBuildFile; fileRef = D204A4C12D720AFD00010620 /* LaunchScreen.storyboard */; };
		D204A4CE2D720AFD00010620 /* ImageFeedTests.swift in Sources */ = {isa = PBXBuildFile; fileRef = D204A4CD2D720AFD00010620 /* ImageFeedTests.swift */; };
		D204A4D82D720AFD00010620 /* ImageFeedUITests.swift in Sources */ = {isa = PBXBuildFile; fileRef = D204A4D72D720AFD00010620 /* ImageFeedUITests.swift */; };
		D204A4DA2D720AFD00010620 /* ImageFeedUITestsLaunchTests.swift in Sources */ = {isa = PBXBuildFile; fileRef = D204A4D92D720AFD00010620 /* ImageFeedUITestsLaunchTests.swift */; };
		D204A4EA2D720E3700010620 /* UIColor+Extensions.swift in Sources */ = {isa = PBXBuildFile; fileRef = D204A4E92D720E3700010620 /* UIColor+Extensions.swift */; };
		D23BD3DF2D7AF6D2002DB54D /* SingleImageViewController.swift in Sources */ = {isa = PBXBuildFile; fileRef = D23BD3DE2D7AF6D2002DB54D /* SingleImageViewController.swift */; };
		D251A6DC2D79F9CE00BB357C /* ProfileViewController.swift in Sources */ = {isa = PBXBuildFile; fileRef = D251A6DB2D79F9CE00BB357C /* ProfileViewController.swift */; };
		D2F1E9702D7392A3006CBE28 /* ImagesListCell.swift in Sources */ = {isa = PBXBuildFile; fileRef = D2F1E96F2D7392A3006CBE28 /* ImagesListCell.swift */; };
/* End PBXBuildFile section */

/* Begin PBXContainerItemProxy section */
		D204A4CA2D720AFD00010620 /* PBXContainerItemProxy */ = {
			isa = PBXContainerItemProxy;
			containerPortal = D204A4AB2D720AFB00010620 /* Project object */;
			proxyType = 1;
			remoteGlobalIDString = D204A4B22D720AFB00010620;
			remoteInfo = ImageFeed;
		};
		D204A4D42D720AFD00010620 /* PBXContainerItemProxy */ = {
			isa = PBXContainerItemProxy;
			containerPortal = D204A4AB2D720AFB00010620 /* Project object */;
			proxyType = 1;
			remoteGlobalIDString = D204A4B22D720AFB00010620;
			remoteInfo = ImageFeed;
		};
/* End PBXContainerItemProxy section */

/* Begin PBXFileReference section */
		D204A4B32D720AFB00010620 /* ImageFeed.app */ = {isa = PBXFileReference; explicitFileType = wrapper.application; includeInIndex = 0; path = ImageFeed.app; sourceTree = BUILT_PRODUCTS_DIR; };
		D204A4B62D720AFB00010620 /* AppDelegate.swift */ = {isa = PBXFileReference; lastKnownFileType = sourcecode.swift; path = AppDelegate.swift; sourceTree = "<group>"; };
		D204A4B82D720AFB00010620 /* SceneDelegate.swift */ = {isa = PBXFileReference; lastKnownFileType = sourcecode.swift; path = SceneDelegate.swift; sourceTree = "<group>"; };
		D204A4BA2D720AFB00010620 /* ImagesListViewController.swift */ = {isa = PBXFileReference; lastKnownFileType = sourcecode.swift; path = ImagesListViewController.swift; sourceTree = "<group>"; };
		D204A4BD2D720AFB00010620 /* Base */ = {isa = PBXFileReference; lastKnownFileType = file.storyboard; name = Base; path = Base.lproj/Main.storyboard; sourceTree = "<group>"; };
		D204A4BF2D720AFD00010620 /* Assets.xcassets */ = {isa = PBXFileReference; lastKnownFileType = folder.assetcatalog; path = Assets.xcassets; sourceTree = "<group>"; };
		D204A4C22D720AFD00010620 /* Base */ = {isa = PBXFileReference; lastKnownFileType = file.storyboard; name = Base; path = Base.lproj/LaunchScreen.storyboard; sourceTree = "<group>"; };
		D204A4C42D720AFD00010620 /* Info.plist */ = {isa = PBXFileReference; lastKnownFileType = text.plist.xml; path = Info.plist; sourceTree = "<group>"; };
		D204A4C92D720AFD00010620 /* ImageFeedTests.xctest */ = {isa = PBXFileReference; explicitFileType = wrapper.cfbundle; includeInIndex = 0; path = ImageFeedTests.xctest; sourceTree = BUILT_PRODUCTS_DIR; };
		D204A4CD2D720AFD00010620 /* ImageFeedTests.swift */ = {isa = PBXFileReference; lastKnownFileType = sourcecode.swift; path = ImageFeedTests.swift; sourceTree = "<group>"; };
		D204A4D32D720AFD00010620 /* ImageFeedUITests.xctest */ = {isa = PBXFileReference; explicitFileType = wrapper.cfbundle; includeInIndex = 0; path = ImageFeedUITests.xctest; sourceTree = BUILT_PRODUCTS_DIR; };
		D204A4D72D720AFD00010620 /* ImageFeedUITests.swift */ = {isa = PBXFileReference; lastKnownFileType = sourcecode.swift; path = ImageFeedUITests.swift; sourceTree = "<group>"; };
		D204A4D92D720AFD00010620 /* ImageFeedUITestsLaunchTests.swift */ = {isa = PBXFileReference; lastKnownFileType = sourcecode.swift; path = ImageFeedUITestsLaunchTests.swift; sourceTree = "<group>"; };
		D204A4E92D720E3700010620 /* UIColor+Extensions.swift */ = {isa = PBXFileReference; lastKnownFileType = sourcecode.swift; path = "UIColor+Extensions.swift"; sourceTree = "<group>"; };
		D23BD3DE2D7AF6D2002DB54D /* SingleImageViewController.swift */ = {isa = PBXFileReference; lastKnownFileType = sourcecode.swift; path = SingleImageViewController.swift; sourceTree = "<group>"; };
		D251A6DB2D79F9CE00BB357C /* ProfileViewController.swift */ = {isa = PBXFileReference; lastKnownFileType = sourcecode.swift; path = ProfileViewController.swift; sourceTree = "<group>"; };
		D2F1E96F2D7392A3006CBE28 /* ImagesListCell.swift */ = {isa = PBXFileReference; lastKnownFileType = sourcecode.swift; path = ImagesListCell.swift; sourceTree = "<group>"; };
/* End PBXFileReference section */

/* Begin PBXFrameworksBuildPhase section */
		D204A4B02D720AFB00010620 /* Frameworks */ = {
			isa = PBXFrameworksBuildPhase;
			buildActionMask = 2147483647;
			files = (
			);
			runOnlyForDeploymentPostprocessing = 0;
		};
		D204A4C62D720AFD00010620 /* Frameworks */ = {
			isa = PBXFrameworksBuildPhase;
			buildActionMask = 2147483647;
			files = (
			);
			runOnlyForDeploymentPostprocessing = 0;
		};
		D204A4D02D720AFD00010620 /* Frameworks */ = {
			isa = PBXFrameworksBuildPhase;
			buildActionMask = 2147483647;
			files = (
			);
			runOnlyForDeploymentPostprocessing = 0;
		};
/* End PBXFrameworksBuildPhase section */

/* Begin PBXGroup section */
		D204A4AA2D720AFB00010620 = {
			isa = PBXGroup;
			children = (
				D204A4B52D720AFB00010620 /* ImageFeedMain */,
				D204A4CC2D720AFD00010620 /* ImageFeedTestsMain */,
				D204A4D62D720AFD00010620 /* ImageFeedUITestsMain */,
				D204A4B42D720AFB00010620 /* Products */,
			);
			sourceTree = "<group>";
		};
		D204A4B42D720AFB00010620 /* Products */ = {
			isa = PBXGroup;
			children = (
				D204A4B32D720AFB00010620 /* ImageFeed.app */,
				D204A4C92D720AFD00010620 /* ImageFeedTests.xctest */,
				D204A4D32D720AFD00010620 /* ImageFeedUITests.xctest */,
			);
			name = Products;
			sourceTree = "<group>";
		};
		D204A4B52D720AFB00010620 /* ImageFeedMain */ = {
			isa = PBXGroup;
			children = (
				D23BD3DD2D7AF6BA002DB54D /* SingleImage */,
				D251A6DA2D79F9B900BB357C /* Profile */,
				D2F1E9712D7392C6006CBE28 /* ImagesList */,
				D204A4E82D720E2300010620 /* Helpers */,
				D204A4E72D720D8100010620 /* Resources */,
				D204A4B62D720AFB00010620 /* AppDelegate.swift */,
				D204A4B82D720AFB00010620 /* SceneDelegate.swift */,
				D204A4BC2D720AFB00010620 /* Main.storyboard */,
			);
			path = ImageFeedMain;
			sourceTree = "<group>";
		};
		D204A4CC2D720AFD00010620 /* ImageFeedTestsMain */ = {
			isa = PBXGroup;
			children = (
				D204A4CD2D720AFD00010620 /* ImageFeedTests.swift */,
			);
			path = ImageFeedTestsMain;
			sourceTree = "<group>";
		};
		D204A4D62D720AFD00010620 /* ImageFeedUITestsMain */ = {
			isa = PBXGroup;
			children = (
				D204A4D72D720AFD00010620 /* ImageFeedUITests.swift */,
				D204A4D92D720AFD00010620 /* ImageFeedUITestsLaunchTests.swift */,
			);
			path = ImageFeedUITestsMain;
			sourceTree = "<group>";
		};
		D204A4E72D720D8100010620 /* Resources */ = {
			isa = PBXGroup;
			children = (
				D204A4BF2D720AFD00010620 /* Assets.xcassets */,
				D204A4C12D720AFD00010620 /* LaunchScreen.storyboard */,
				D204A4C42D720AFD00010620 /* Info.plist */,
			);
			path = Resources;
			sourceTree = "<group>";
		};
		D204A4E82D720E2300010620 /* Helpers */ = {
			isa = PBXGroup;
			children = (
				D204A4E92D720E3700010620 /* UIColor+Extensions.swift */,
			);
			path = Helpers;
			sourceTree = "<group>";
		};
		D23BD3DD2D7AF6BA002DB54D /* SingleImage */ = {
			isa = PBXGroup;
			children = (
				D23BD3DE2D7AF6D2002DB54D /* SingleImageViewController.swift */,
			);
			path = SingleImage;
			sourceTree = "<group>";
		};
		D251A6DA2D79F9B900BB357C /* Profile */ = {
			isa = PBXGroup;
			children = (
				D251A6DB2D79F9CE00BB357C /* ProfileViewController.swift */,
			);
			path = Profile;
			sourceTree = "<group>";
		};
		D2F1E9712D7392C6006CBE28 /* ImagesList */ = {
			isa = PBXGroup;
			children = (
				D204A4BA2D720AFB00010620 /* ImagesListViewController.swift */,
				D2F1E96F2D7392A3006CBE28 /* ImagesListCell.swift */,
			);
			path = ImagesList;
			sourceTree = "<group>";
		};
/* End PBXGroup section */

/* Begin PBXNativeTarget section */
		D204A4B22D720AFB00010620 /* ImageFeed */ = {
			isa = PBXNativeTarget;
			buildConfigurationList = D204A4DD2D720AFD00010620 /* Build configuration list for PBXNativeTarget "ImageFeed" */;
			buildPhases = (
				D204A4AF2D720AFB00010620 /* Sources */,
				D204A4B02D720AFB00010620 /* Frameworks */,
				D204A4B12D720AFB00010620 /* Resources */,
			);
			buildRules = (
			);
			dependencies = (
			);
			name = ImageFeed;
			productName = ImageFeed;
			productReference = D204A4B32D720AFB00010620 /* ImageFeed.app */;
			productType = "com.apple.product-type.application";
		};
		D204A4C82D720AFD00010620 /* ImageFeedTests */ = {
			isa = PBXNativeTarget;
			buildConfigurationList = D204A4E02D720AFD00010620 /* Build configuration list for PBXNativeTarget "ImageFeedTests" */;
			buildPhases = (
				D204A4C52D720AFD00010620 /* Sources */,
				D204A4C62D720AFD00010620 /* Frameworks */,
				D204A4C72D720AFD00010620 /* Resources */,
			);
			buildRules = (
			);
			dependencies = (
				D204A4CB2D720AFD00010620 /* PBXTargetDependency */,
			);
			name = ImageFeedTests;
			productName = ImageFeedTests;
			productReference = D204A4C92D720AFD00010620 /* ImageFeedTests.xctest */;
			productType = "com.apple.product-type.bundle.unit-test";
		};
		D204A4D22D720AFD00010620 /* ImageFeedUITests */ = {
			isa = PBXNativeTarget;
			buildConfigurationList = D204A4E32D720AFD00010620 /* Build configuration list for PBXNativeTarget "ImageFeedUITests" */;
			buildPhases = (
				D204A4CF2D720AFD00010620 /* Sources */,
				D204A4D02D720AFD00010620 /* Frameworks */,
				D204A4D12D720AFD00010620 /* Resources */,
			);
			buildRules = (
			);
			dependencies = (
				D204A4D52D720AFD00010620 /* PBXTargetDependency */,
			);
			name = ImageFeedUITests;
			productName = ImageFeedUITests;
			productReference = D204A4D32D720AFD00010620 /* ImageFeedUITests.xctest */;
			productType = "com.apple.product-type.bundle.ui-testing";
		};
/* End PBXNativeTarget section */

/* Begin PBXProject section */
		D204A4AB2D720AFB00010620 /* Project object */ = {
			isa = PBXProject;
			attributes = {
				BuildIndependentTargetsInParallel = 1;
				LastSwiftUpdateCheck = 1320;
				LastUpgradeCheck = 1320;
				TargetAttributes = {
					D204A4B22D720AFB00010620 = {
						CreatedOnToolsVersion = 13.2.1;
					};
					D204A4C82D720AFD00010620 = {
						CreatedOnToolsVersion = 13.2.1;
						TestTargetID = D204A4B22D720AFB00010620;
					};
					D204A4D22D720AFD00010620 = {
						CreatedOnToolsVersion = 13.2.1;
						TestTargetID = D204A4B22D720AFB00010620;
					};
				};
			};
			buildConfigurationList = D204A4AE2D720AFB00010620 /* Build configuration list for PBXProject "ImageFeedMain" */;
			compatibilityVersion = "Xcode 13.0";
			developmentRegion = en;
			hasScannedForEncodings = 0;
			knownRegions = (
				en,
				Base,
			);
			mainGroup = D204A4AA2D720AFB00010620;
			productRefGroup = D204A4B42D720AFB00010620 /* Products */;
			projectDirPath = "";
			projectRoot = "";
			targets = (
				D204A4B22D720AFB00010620 /* ImageFeed */,
				D204A4C82D720AFD00010620 /* ImageFeedTests */,
				D204A4D22D720AFD00010620 /* ImageFeedUITests */,
			);
		};
/* End PBXProject section */

/* Begin PBXResourcesBuildPhase section */
		D204A4B12D720AFB00010620 /* Resources */ = {
			isa = PBXResourcesBuildPhase;
			buildActionMask = 2147483647;
			files = (
				D204A4C32D720AFD00010620 /* LaunchScreen.storyboard in Resources */,
				D204A4C02D720AFD00010620 /* Assets.xcassets in Resources */,
				D204A4BE2D720AFB00010620 /* Main.storyboard in Resources */,
			);
			runOnlyForDeploymentPostprocessing = 0;
		};
		D204A4C72D720AFD00010620 /* Resources */ = {
			isa = PBXResourcesBuildPhase;
			buildActionMask = 2147483647;
			files = (
			);
			runOnlyForDeploymentPostprocessing = 0;
		};
		D204A4D12D720AFD00010620 /* Resources */ = {
			isa = PBXResourcesBuildPhase;
			buildActionMask = 2147483647;
			files = (
			);
			runOnlyForDeploymentPostprocessing = 0;
		};
/* End PBXResourcesBuildPhase section */

/* Begin PBXSourcesBuildPhase section */
		D204A4AF2D720AFB00010620 /* Sources */ = {
			isa = PBXSourcesBuildPhase;
			buildActionMask = 2147483647;
			files = (
				D251A6DC2D79F9CE00BB357C /* ProfileViewController.swift in Sources */,
				D204A4BB2D720AFB00010620 /* ImagesListViewController.swift in Sources */,
				D204A4B72D720AFB00010620 /* AppDelegate.swift in Sources */,
				D23BD3DF2D7AF6D2002DB54D /* SingleImageViewController.swift in Sources */,
				D2F1E9702D7392A3006CBE28 /* ImagesListCell.swift in Sources */,
				D204A4B92D720AFB00010620 /* SceneDelegate.swift in Sources */,
				D204A4EA2D720E3700010620 /* UIColor+Extensions.swift in Sources */,
			);
			runOnlyForDeploymentPostprocessing = 0;
		};
		D204A4C52D720AFD00010620 /* Sources */ = {
			isa = PBXSourcesBuildPhase;
			buildActionMask = 2147483647;
			files = (
				D204A4CE2D720AFD00010620 /* ImageFeedTests.swift in Sources */,
			);
			runOnlyForDeploymentPostprocessing = 0;
		};
		D204A4CF2D720AFD00010620 /* Sources */ = {
			isa = PBXSourcesBuildPhase;
			buildActionMask = 2147483647;
			files = (
				D204A4DA2D720AFD00010620 /* ImageFeedUITestsLaunchTests.swift in Sources */,
				D204A4D82D720AFD00010620 /* ImageFeedUITests.swift in Sources */,
			);
			runOnlyForDeploymentPostprocessing = 0;
		};
/* End PBXSourcesBuildPhase section */

/* Begin PBXTargetDependency section */
		D204A4CB2D720AFD00010620 /* PBXTargetDependency */ = {
			isa = PBXTargetDependency;
			target = D204A4B22D720AFB00010620 /* ImageFeed */;
			targetProxy = D204A4CA2D720AFD00010620 /* PBXContainerItemProxy */;
		};
		D204A4D52D720AFD00010620 /* PBXTargetDependency */ = {
			isa = PBXTargetDependency;
			target = D204A4B22D720AFB00010620 /* ImageFeed */;
			targetProxy = D204A4D42D720AFD00010620 /* PBXContainerItemProxy */;
		};
/* End PBXTargetDependency section */

/* Begin PBXVariantGroup section */
		D204A4BC2D720AFB00010620 /* Main.storyboard */ = {
			isa = PBXVariantGroup;
			children = (
				D204A4BD2D720AFB00010620 /* Base */,
			);
			name = Main.storyboard;
			sourceTree = "<group>";
		};
		D204A4C12D720AFD00010620 /* LaunchScreen.storyboard */ = {
			isa = PBXVariantGroup;
			children = (
				D204A4C22D720AFD00010620 /* Base */,
			);
			name = LaunchScreen.storyboard;
			sourceTree = "<group>";
		};
/* End PBXVariantGroup section */

/* Begin XCBuildConfiguration section */
		D204A4DB2D720AFD00010620 /* Debug */ = {
			isa = XCBuildConfiguration;
			buildSettings = {
				ALWAYS_SEARCH_USER_PATHS = NO;
				CLANG_ANALYZER_NONNULL = YES;
				CLANG_ANALYZER_NUMBER_OBJECT_CONVERSION = YES_AGGRESSIVE;
				CLANG_CXX_LANGUAGE_STANDARD = "gnu++17";
				CLANG_CXX_LIBRARY = "libc++";
				CLANG_ENABLE_MODULES = YES;
				CLANG_ENABLE_OBJC_ARC = YES;
				CLANG_ENABLE_OBJC_WEAK = YES;
				CLANG_WARN_BLOCK_CAPTURE_AUTORELEASING = YES;
				CLANG_WARN_BOOL_CONVERSION = YES;
				CLANG_WARN_COMMA = YES;
				CLANG_WARN_CONSTANT_CONVERSION = YES;
				CLANG_WARN_DEPRECATED_OBJC_IMPLEMENTATIONS = YES;
				CLANG_WARN_DIRECT_OBJC_ISA_USAGE = YES_ERROR;
				CLANG_WARN_DOCUMENTATION_COMMENTS = YES;
				CLANG_WARN_EMPTY_BODY = YES;
				CLANG_WARN_ENUM_CONVERSION = YES;
				CLANG_WARN_INFINITE_RECURSION = YES;
				CLANG_WARN_INT_CONVERSION = YES;
				CLANG_WARN_NON_LITERAL_NULL_CONVERSION = YES;
				CLANG_WARN_OBJC_IMPLICIT_RETAIN_SELF = YES;
				CLANG_WARN_OBJC_LITERAL_CONVERSION = YES;
				CLANG_WARN_OBJC_ROOT_CLASS = YES_ERROR;
				CLANG_WARN_QUOTED_INCLUDE_IN_FRAMEWORK_HEADER = YES;
				CLANG_WARN_RANGE_LOOP_ANALYSIS = YES;
				CLANG_WARN_STRICT_PROTOTYPES = YES;
				CLANG_WARN_SUSPICIOUS_MOVE = YES;
				CLANG_WARN_UNGUARDED_AVAILABILITY = YES_AGGRESSIVE;
				CLANG_WARN_UNREACHABLE_CODE = YES;
				CLANG_WARN__DUPLICATE_METHOD_MATCH = YES;
				COPY_PHASE_STRIP = NO;
				DEBUG_INFORMATION_FORMAT = dwarf;
				ENABLE_STRICT_OBJC_MSGSEND = YES;
				ENABLE_TESTABILITY = YES;
				GCC_C_LANGUAGE_STANDARD = gnu11;
				GCC_DYNAMIC_NO_PIC = NO;
				GCC_NO_COMMON_BLOCKS = YES;
				GCC_OPTIMIZATION_LEVEL = 0;
				GCC_PREPROCESSOR_DEFINITIONS = (
					"DEBUG=1",
					"$(inherited)",
				);
				GCC_WARN_64_TO_32_BIT_CONVERSION = YES;
				GCC_WARN_ABOUT_RETURN_TYPE = YES_ERROR;
				GCC_WARN_UNDECLARED_SELECTOR = YES;
				GCC_WARN_UNINITIALIZED_AUTOS = YES_AGGRESSIVE;
				GCC_WARN_UNUSED_FUNCTION = YES;
				GCC_WARN_UNUSED_VARIABLE = YES;
				IPHONEOS_DEPLOYMENT_TARGET = 15.2;
				MTL_ENABLE_DEBUG_INFO = INCLUDE_SOURCE;
				MTL_FAST_MATH = YES;
				ONLY_ACTIVE_ARCH = YES;
				SDKROOT = iphoneos;
				SWIFT_ACTIVE_COMPILATION_CONDITIONS = DEBUG;
				SWIFT_OPTIMIZATION_LEVEL = "-Onone";
			};
			name = Debug;
		};
		D204A4DC2D720AFD00010620 /* Release */ = {
			isa = XCBuildConfiguration;
			buildSettings = {
				ALWAYS_SEARCH_USER_PATHS = NO;
				CLANG_ANALYZER_NONNULL = YES;
				CLANG_ANALYZER_NUMBER_OBJECT_CONVERSION = YES_AGGRESSIVE;
				CLANG_CXX_LANGUAGE_STANDARD = "gnu++17";
				CLANG_CXX_LIBRARY = "libc++";
				CLANG_ENABLE_MODULES = YES;
				CLANG_ENABLE_OBJC_ARC = YES;
				CLANG_ENABLE_OBJC_WEAK = YES;
				CLANG_WARN_BLOCK_CAPTURE_AUTORELEASING = YES;
				CLANG_WARN_BOOL_CONVERSION = YES;
				CLANG_WARN_COMMA = YES;
				CLANG_WARN_CONSTANT_CONVERSION = YES;
				CLANG_WARN_DEPRECATED_OBJC_IMPLEMENTATIONS = YES;
				CLANG_WARN_DIRECT_OBJC_ISA_USAGE = YES_ERROR;
				CLANG_WARN_DOCUMENTATION_COMMENTS = YES;
				CLANG_WARN_EMPTY_BODY = YES;
				CLANG_WARN_ENUM_CONVERSION = YES;
				CLANG_WARN_INFINITE_RECURSION = YES;
				CLANG_WARN_INT_CONVERSION = YES;
				CLANG_WARN_NON_LITERAL_NULL_CONVERSION = YES;
				CLANG_WARN_OBJC_IMPLICIT_RETAIN_SELF = YES;
				CLANG_WARN_OBJC_LITERAL_CONVERSION = YES;
				CLANG_WARN_OBJC_ROOT_CLASS = YES_ERROR;
				CLANG_WARN_QUOTED_INCLUDE_IN_FRAMEWORK_HEADER = YES;
				CLANG_WARN_RANGE_LOOP_ANALYSIS = YES;
				CLANG_WARN_STRICT_PROTOTYPES = YES;
				CLANG_WARN_SUSPICIOUS_MOVE = YES;
				CLANG_WARN_UNGUARDED_AVAILABILITY = YES_AGGRESSIVE;
				CLANG_WARN_UNREACHABLE_CODE = YES;
				CLANG_WARN__DUPLICATE_METHOD_MATCH = YES;
				COPY_PHASE_STRIP = NO;
				DEBUG_INFORMATION_FORMAT = "dwarf-with-dsym";
				ENABLE_NS_ASSERTIONS = NO;
				ENABLE_STRICT_OBJC_MSGSEND = YES;
				GCC_C_LANGUAGE_STANDARD = gnu11;
				GCC_NO_COMMON_BLOCKS = YES;
				GCC_WARN_64_TO_32_BIT_CONVERSION = YES;
				GCC_WARN_ABOUT_RETURN_TYPE = YES_ERROR;
				GCC_WARN_UNDECLARED_SELECTOR = YES;
				GCC_WARN_UNINITIALIZED_AUTOS = YES_AGGRESSIVE;
				GCC_WARN_UNUSED_FUNCTION = YES;
				GCC_WARN_UNUSED_VARIABLE = YES;
				IPHONEOS_DEPLOYMENT_TARGET = 15.2;
				MTL_ENABLE_DEBUG_INFO = NO;
				MTL_FAST_MATH = YES;
				SDKROOT = iphoneos;
				SWIFT_COMPILATION_MODE = wholemodule;
				SWIFT_OPTIMIZATION_LEVEL = "-O";
				VALIDATE_PRODUCT = YES;
			};
			name = Release;
		};
		D204A4DE2D720AFD00010620 /* Debug */ = {
			isa = XCBuildConfiguration;
			buildSettings = {
				ASSETCATALOG_COMPILER_APPICON_NAME = AppIcon;
				ASSETCATALOG_COMPILER_GLOBAL_ACCENT_COLOR_NAME = AccentColor;
				CODE_SIGN_STYLE = Automatic;
				CURRENT_PROJECT_VERSION = 1;
				DEVELOPMENT_TEAM = 499MJS72J9;
				GENERATE_INFOPLIST_FILE = YES;
				INFOPLIST_FILE = ImageFeedMain/Resources/Info.plist;
				INFOPLIST_KEY_UIApplicationSupportsIndirectInputEvents = YES;
				INFOPLIST_KEY_UILaunchStoryboardName = LaunchScreen;
				INFOPLIST_KEY_UIMainStoryboardFile = Main;
				INFOPLIST_KEY_UISupportedInterfaceOrientations = UIInterfaceOrientationPortrait;
				INFOPLIST_KEY_UISupportedInterfaceOrientations_iPad = "UIInterfaceOrientationPortrait UIInterfaceOrientationPortraitUpsideDown UIInterfaceOrientationLandscapeLeft UIInterfaceOrientationLandscapeRight";
				INFOPLIST_KEY_UISupportedInterfaceOrientations_iPhone = UIInterfaceOrientationPortrait;
				IPHONEOS_DEPLOYMENT_TARGET = 14.0;
				LD_RUNPATH_SEARCH_PATHS = (
					"$(inherited)",
					"@executable_path/Frameworks",
				);
				MARKETING_VERSION = 1.0;
				PRODUCT_BUNDLE_IDENTIFIER = ru.yandex.practicum.ImageFeed;
				PRODUCT_NAME = "$(TARGET_NAME)";
				SWIFT_EMIT_LOC_STRINGS = YES;
				SWIFT_VERSION = 5.0;
				TARGETED_DEVICE_FAMILY = 1;
			};
			name = Debug;
		};
		D204A4DF2D720AFD00010620 /* Release */ = {
			isa = XCBuildConfiguration;
			buildSettings = {
				ASSETCATALOG_COMPILER_APPICON_NAME = AppIcon;
				ASSETCATALOG_COMPILER_GLOBAL_ACCENT_COLOR_NAME = AccentColor;
				CODE_SIGN_STYLE = Automatic;
				CURRENT_PROJECT_VERSION = 1;
				DEVELOPMENT_TEAM = 499MJS72J9;
				GENERATE_INFOPLIST_FILE = YES;
				INFOPLIST_FILE = ImageFeedMain/Resources/Info.plist;
				INFOPLIST_KEY_UIApplicationSupportsIndirectInputEvents = YES;
				INFOPLIST_KEY_UILaunchStoryboardName = LaunchScreen;
				INFOPLIST_KEY_UIMainStoryboardFile = Main;
				INFOPLIST_KEY_UISupportedInterfaceOrientations = UIInterfaceOrientationPortrait;
				INFOPLIST_KEY_UISupportedInterfaceOrientations_iPad = "UIInterfaceOrientationPortrait UIInterfaceOrientationPortraitUpsideDown UIInterfaceOrientationLandscapeLeft UIInterfaceOrientationLandscapeRight";
				INFOPLIST_KEY_UISupportedInterfaceOrientations_iPhone = UIInterfaceOrientationPortrait;
				IPHONEOS_DEPLOYMENT_TARGET = 14.0;
				LD_RUNPATH_SEARCH_PATHS = (
					"$(inherited)",
					"@executable_path/Frameworks",
				);
				MARKETING_VERSION = 1.0;
				PRODUCT_BUNDLE_IDENTIFIER = ru.yandex.practicum.ImageFeed;
				PRODUCT_NAME = "$(TARGET_NAME)";
				SWIFT_EMIT_LOC_STRINGS = YES;
				SWIFT_VERSION = 5.0;
				TARGETED_DEVICE_FAMILY = 1;
			};
			name = Release;
		};
		D204A4E12D720AFD00010620 /* Debug */ = {
			isa = XCBuildConfiguration;
			buildSettings = {
				ALWAYS_EMBED_SWIFT_STANDARD_LIBRARIES = YES;
				BUNDLE_LOADER = "$(TEST_HOST)";
				CODE_SIGN_STYLE = Automatic;
				CURRENT_PROJECT_VERSION = 1;
				DEVELOPMENT_TEAM = 499MJS72J9;
				GENERATE_INFOPLIST_FILE = YES;
				IPHONEOS_DEPLOYMENT_TARGET = 15.2;
				MARKETING_VERSION = 1.0;
				PRODUCT_BUNDLE_IDENTIFIER = ru.yandex.practicum.ImageFeedTests;
				PRODUCT_NAME = "$(TARGET_NAME)";
				SWIFT_EMIT_LOC_STRINGS = NO;
				SWIFT_VERSION = 5.0;
				TARGETED_DEVICE_FAMILY = "1,2";
				TEST_HOST = "$(BUILT_PRODUCTS_DIR)/ImageFeed.app/ImageFeed";
			};
			name = Debug;
		};
		D204A4E22D720AFD00010620 /* Release */ = {
			isa = XCBuildConfiguration;
			buildSettings = {
				ALWAYS_EMBED_SWIFT_STANDARD_LIBRARIES = YES;
				BUNDLE_LOADER = "$(TEST_HOST)";
				CODE_SIGN_STYLE = Automatic;
				CURRENT_PROJECT_VERSION = 1;
				DEVELOPMENT_TEAM = 499MJS72J9;
				GENERATE_INFOPLIST_FILE = YES;
				IPHONEOS_DEPLOYMENT_TARGET = 15.2;
				MARKETING_VERSION = 1.0;
				PRODUCT_BUNDLE_IDENTIFIER = ru.yandex.practicum.ImageFeedTests;
				PRODUCT_NAME = "$(TARGET_NAME)";
				SWIFT_EMIT_LOC_STRINGS = NO;
				SWIFT_VERSION = 5.0;
				TARGETED_DEVICE_FAMILY = "1,2";
				TEST_HOST = "$(BUILT_PRODUCTS_DIR)/ImageFeed.app/ImageFeed";
			};
			name = Release;
		};
		D204A4E42D720AFD00010620 /* Debug */ = {
			isa = XCBuildConfiguration;
			buildSettings = {
				ALWAYS_EMBED_SWIFT_STANDARD_LIBRARIES = YES;
				CODE_SIGN_STYLE = Automatic;
				CURRENT_PROJECT_VERSION = 1;
				DEVELOPMENT_TEAM = 499MJS72J9;
				GENERATE_INFOPLIST_FILE = YES;
				MARKETING_VERSION = 1.0;
				PRODUCT_BUNDLE_IDENTIFIER = ru.yandex.practicum.ImageFeedUITests;
				PRODUCT_NAME = "$(TARGET_NAME)";
				SWIFT_EMIT_LOC_STRINGS = NO;
				SWIFT_VERSION = 5.0;
				TARGETED_DEVICE_FAMILY = "1,2";
				TEST_TARGET_NAME = ImageFeed;
			};
			name = Debug;
		};
		D204A4E52D720AFD00010620 /* Release */ = {
			isa = XCBuildConfiguration;
			buildSettings = {
				ALWAYS_EMBED_SWIFT_STANDARD_LIBRARIES = YES;
				CODE_SIGN_STYLE = Automatic;
				CURRENT_PROJECT_VERSION = 1;
				DEVELOPMENT_TEAM = 499MJS72J9;
				GENERATE_INFOPLIST_FILE = YES;
				MARKETING_VERSION = 1.0;
				PRODUCT_BUNDLE_IDENTIFIER = ru.yandex.practicum.ImageFeedUITests;
				PRODUCT_NAME = "$(TARGET_NAME)";
				SWIFT_EMIT_LOC_STRINGS = NO;
				SWIFT_VERSION = 5.0;
				TARGETED_DEVICE_FAMILY = "1,2";
				TEST_TARGET_NAME = ImageFeed;
			};
			name = Release;
		};
/* End XCBuildConfiguration section */

/* Begin XCConfigurationList section */
		D204A4AE2D720AFB00010620 /* Build configuration list for PBXProject "ImageFeedMain" */ = {
			isa = XCConfigurationList;
			buildConfigurations = (
				D204A4DB2D720AFD00010620 /* Debug */,
				D204A4DC2D720AFD00010620 /* Release */,
			);
			defaultConfigurationIsVisible = 0;
			defaultConfigurationName = Release;
		};
		D204A4DD2D720AFD00010620 /* Build configuration list for PBXNativeTarget "ImageFeed" */ = {
			isa = XCConfigurationList;
			buildConfigurations = (
				D204A4DE2D720AFD00010620 /* Debug */,
				D204A4DF2D720AFD00010620 /* Release */,
			);
			defaultConfigurationIsVisible = 0;
			defaultConfigurationName = Release;
		};
		D204A4E02D720AFD00010620 /* Build configuration list for PBXNativeTarget "ImageFeedTests" */ = {
			isa = XCConfigurationList;
			buildConfigurations = (
				D204A4E12D720AFD00010620 /* Debug */,
				D204A4E22D720AFD00010620 /* Release */,
			);
			defaultConfigurationIsVisible = 0;
			defaultConfigurationName = Release;
		};
		D204A4E32D720AFD00010620 /* Build configuration list for PBXNativeTarget "ImageFeedUITests" */ = {
			isa = XCConfigurationList;
			buildConfigurations = (
				D204A4E42D720AFD00010620 /* Debug */,
				D204A4E52D720AFD00010620 /* Release */,
			);
			defaultConfigurationIsVisible = 0;
			defaultConfigurationName = Release;
		};
/* End XCConfigurationList section */
	};
	rootObject = D204A4AB2D720AFB00010620 /* Project object */;
}
